
Microsoft Visual Studio Solution File, Format Version 12.00
# Visual Studio Version 16
VisualStudioVersion = 16.0.31911.196
MinimumVisualStudioVersion = 10.0.40219.1
Project("{FAE04EC0-301F-11D3-BF4B-00C04F79EFBC}") = "WebFriendsPhotoStatistics", "WebFriendsPhotoStatistics\WebFriendsPhotoStatistics.csproj", "{683330D7-53DF-4726-BC65-42E49D8B4A32}"
EndProject
Global
	GlobalSection(SolutionConfigurationPlatforms) = preSolution
		Debug|Any CPU = Debug|Any CPU
		Release|Any CPU = Release|Any CPU
	EndGlobalSection
	GlobalSection(ProjectConfigurationPlatforms) = postSolution
		{683330D7-53DF-4726-BC65-42E49D8B4A32}.Debug|Any CPU.ActiveCfg = Debug|Any CPU
		{683330D7-53DF-4726-BC65-42E49D8B4A32}.Debug|Any CPU.Build.0 = Debug|Any CPU
		{683330D7-53DF-4726-BC65-42E49D8B4A32}.Release|Any CPU.ActiveCfg = Release|Any CPU
		{683330D7-53DF-4726-BC65-42E49D8B4A32}.Release|Any CPU.Build.0 = Release|Any CPU
	EndGlobalSection
	GlobalSection(SolutionProperties) = preSolution
		HideSolutionNode = FALSE
	EndGlobalSection
	GlobalSection(ExtensibilityGlobals) = postSolution
		SolutionGuid = {F0B571FC-F4BA-4F81-9590-DC2E7FBFAE25}
	EndGlobalSection
EndGlobal
